
Microsoft Visual Studio Solution File, Format Version 12.00
# Visual Studio Version 17
VisualStudioVersion = 17.9.34622.214
MinimumVisualStudioVersion = 10.0.40219.1
Project("{9A19103F-16F7-4668-BE54-9A1E7A4F7556}") = "DIExample", "DIExample\DIExample.csproj", "{9BB8E1EB-F54D-4A54-AB48-CF28846E9BC7}"
EndProject
Project("{9A19103F-16F7-4668-BE54-9A1E7A4F7556}") = "Services", "Services\Services.csproj", "{75258C78-B378-47D5-BB72-F644548EAE8D}"
EndProject
Project("{FAE04EC0-301F-11D3-BF4B-00C04F79EFBC}") = "ServiceContracts", "ServiceContracts\ServiceContracts.csproj", "{269263F3-464C-4FB5-827A-523D4F551305}"
EndProject
Global
	GlobalSection(SolutionConfigurationPlatforms) = preSolution
		Debug|Any CPU = Debug|Any CPU
		Release|Any CPU = Release|Any CPU
	EndGlobalSection
	GlobalSection(ProjectConfigurationPlatforms) = postSolution
		{9BB8E1EB-F54D-4A54-AB48-CF28846E9BC7}.Debug|Any CPU.ActiveCfg = Debug|Any CPU
		{9BB8E1EB-F54D-4A54-AB48-CF28846E9BC7}.Debug|Any CPU.Build.0 = Debug|Any CPU
		{9BB8E1EB-F54D-4A54-AB48-CF28846E9BC7}.Release|Any CPU.ActiveCfg = Release|Any CPU
		{9BB8E1EB-F54D-4A54-AB48-CF28846E9BC7}.Release|Any CPU.Build.0 = Release|Any CPU
		{75258C78-B378-47D5-BB72-F644548EAE8D}.Debug|Any CPU.ActiveCfg = Debug|Any CPU
		{75258C78-B378-47D5-BB72-F644548EAE8D}.Debug|Any CPU.Build.0 = Debug|Any CPU
		{75258C78-B378-47D5-BB72-F644548EAE8D}.Release|Any CPU.ActiveCfg = Release|Any CPU
		{75258C78-B378-47D5-BB72-F644548EAE8D}.Release|Any CPU.Build.0 = Release|Any CPU
		{269263F3-464C-4FB5-827A-523D4F551305}.Debug|Any CPU.ActiveCfg = Debug|Any CPU
		{269263F3-464C-4FB5-827A-523D4F551305}.Debug|Any CPU.Build.0 = Debug|Any CPU
		{269263F3-464C-4FB5-827A-523D4F551305}.Release|Any CPU.ActiveCfg = Release|Any CPU
		{269263F3-464C-4FB5-827A-523D4F551305}.Release|Any CPU.Build.0 = Release|Any CPU
	EndGlobalSection
	GlobalSection(SolutionProperties) = preSolution
		HideSolutionNode = FALSE
	EndGlobalSection
	GlobalSection(ExtensibilityGlobals) = postSolution
		SolutionGuid = {BFDC3CC9-60CC-468F-91EE-85B2FBC921B2}
	EndGlobalSection
EndGlobal
