<<<<<<< HEAD
﻿
Microsoft Visual Studio Solution File, Format Version 12.00
# Visual Studio Version 17
VisualStudioVersion = 17.9.34622.214
MinimumVisualStudioVersion = 10.0.40219.1
Project("{FAE04EC0-301F-11D3-BF4B-00C04F79EFBC}") = "IActionResultExample", "IActionResult\IActionResultExample.csproj", "{1842ECA6-CAA6-40A5-B55D-59B610996948}"
EndProject
Global
	GlobalSection(SolutionConfigurationPlatforms) = preSolution
		Debug|Any CPU = Debug|Any CPU
		Release|Any CPU = Release|Any CPU
	EndGlobalSection
	GlobalSection(ProjectConfigurationPlatforms) = postSolution
		{1842ECA6-CAA6-40A5-B55D-59B610996948}.Debug|Any CPU.ActiveCfg = Debug|Any CPU
		{1842ECA6-CAA6-40A5-B55D-59B610996948}.Debug|Any CPU.Build.0 = Debug|Any CPU
		{1842ECA6-CAA6-40A5-B55D-59B610996948}.Release|Any CPU.ActiveCfg = Release|Any CPU
		{1842ECA6-CAA6-40A5-B55D-59B610996948}.Release|Any CPU.Build.0 = Release|Any CPU
	EndGlobalSection
	GlobalSection(SolutionProperties) = preSolution
		HideSolutionNode = FALSE
	EndGlobalSection
	GlobalSection(ExtensibilityGlobals) = postSolution
		SolutionGuid = {15E6544E-6082-485D-9F47-9741032A09D4}
	EndGlobalSection
EndGlobal
=======
﻿
Microsoft Visual Studio Solution File, Format Version 12.00
# Visual Studio Version 17
VisualStudioVersion = 17.9.34622.214
MinimumVisualStudioVersion = 10.0.40219.1
Project("{FAE04EC0-301F-11D3-BF4B-00C04F79EFBC}") = "IActionResultExample", "IActionResult\IActionResultExample.csproj", "{1842ECA6-CAA6-40A5-B55D-59B610996948}"
EndProject
Global
	GlobalSection(SolutionConfigurationPlatforms) = preSolution
		Debug|Any CPU = Debug|Any CPU
		Release|Any CPU = Release|Any CPU
	EndGlobalSection
	GlobalSection(ProjectConfigurationPlatforms) = postSolution
		{1842ECA6-CAA6-40A5-B55D-59B610996948}.Debug|Any CPU.ActiveCfg = Debug|Any CPU
		{1842ECA6-CAA6-40A5-B55D-59B610996948}.Debug|Any CPU.Build.0 = Debug|Any CPU
		{1842ECA6-CAA6-40A5-B55D-59B610996948}.Release|Any CPU.ActiveCfg = Release|Any CPU
		{1842ECA6-CAA6-40A5-B55D-59B610996948}.Release|Any CPU.Build.0 = Release|Any CPU
	EndGlobalSection
	GlobalSection(SolutionProperties) = preSolution
		HideSolutionNode = FALSE
	EndGlobalSection
	GlobalSection(ExtensibilityGlobals) = postSolution
		SolutionGuid = {15E6544E-6082-485D-9F47-9741032A09D4}
	EndGlobalSection
EndGlobal
>>>>>>> 84ef70a4525f3b65b6294732992407190e86ba78
