<<<<<<< HEAD
﻿
Microsoft Visual Studio Solution File, Format Version 12.00
# Visual Studio Version 17
VisualStudioVersion = 17.9.34622.214
MinimumVisualStudioVersion = 10.0.40219.1
Project("{9A19103F-16F7-4668-BE54-9A1E7A4F7556}") = "ControllerExample", "Controller\ControllerExample.csproj", "{753448B6-BB10-49C0-8959-DDBC6AFD1471}"
EndProject
Global
	GlobalSection(SolutionConfigurationPlatforms) = preSolution
		Debug|Any CPU = Debug|Any CPU
		Release|Any CPU = Release|Any CPU
	EndGlobalSection
	GlobalSection(ProjectConfigurationPlatforms) = postSolution
		{753448B6-BB10-49C0-8959-DDBC6AFD1471}.Debug|Any CPU.ActiveCfg = Debug|Any CPU
		{753448B6-BB10-49C0-8959-DDBC6AFD1471}.Debug|Any CPU.Build.0 = Debug|Any CPU
		{753448B6-BB10-49C0-8959-DDBC6AFD1471}.Release|Any CPU.ActiveCfg = Release|Any CPU
		{753448B6-BB10-49C0-8959-DDBC6AFD1471}.Release|Any CPU.Build.0 = Release|Any CPU
	EndGlobalSection
	GlobalSection(SolutionProperties) = preSolution
		HideSolutionNode = FALSE
	EndGlobalSection
	GlobalSection(ExtensibilityGlobals) = postSolution
		SolutionGuid = {84A68B06-478B-4B0A-A07A-B3E8E42294E5}
	EndGlobalSection
EndGlobal
=======
﻿
Microsoft Visual Studio Solution File, Format Version 12.00
# Visual Studio Version 17
VisualStudioVersion = 17.9.34622.214
MinimumVisualStudioVersion = 10.0.40219.1
Project("{FAE04EC0-301F-11D3-BF4B-00C04F79EFBC}") = "Controller", "Controller\Controller.csproj", "{753448B6-BB10-49C0-8959-DDBC6AFD1471}"
EndProject
Global
	GlobalSection(SolutionConfigurationPlatforms) = preSolution
		Debug|Any CPU = Debug|Any CPU
		Release|Any CPU = Release|Any CPU
	EndGlobalSection
	GlobalSection(ProjectConfigurationPlatforms) = postSolution
		{753448B6-BB10-49C0-8959-DDBC6AFD1471}.Debug|Any CPU.ActiveCfg = Debug|Any CPU
		{753448B6-BB10-49C0-8959-DDBC6AFD1471}.Debug|Any CPU.Build.0 = Debug|Any CPU
		{753448B6-BB10-49C0-8959-DDBC6AFD1471}.Release|Any CPU.ActiveCfg = Release|Any CPU
		{753448B6-BB10-49C0-8959-DDBC6AFD1471}.Release|Any CPU.Build.0 = Release|Any CPU
	EndGlobalSection
	GlobalSection(SolutionProperties) = preSolution
		HideSolutionNode = FALSE
	EndGlobalSection
	GlobalSection(ExtensibilityGlobals) = postSolution
		SolutionGuid = {84A68B06-478B-4B0A-A07A-B3E8E42294E5}
	EndGlobalSection
EndGlobal
>>>>>>> 84ef70a4525f3b65b6294732992407190e86ba78
